
Microsoft Visual Studio Solution File, Format Version 12.00
# Visual Studio Version 16
VisualStudioVersion = 16.0.29201.188
MinimumVisualStudioVersion = 10.0.40219.1
Project("{FAE04EC0-301F-11D3-BF4B-00C04F79EFBC}") = "App01_LayoutXF.UWP", "App01_LayoutXF\App01_LayoutXF.UWP\App01_LayoutXF.UWP.csproj", "{9F541631-F76A-4E21-AB20-FDD110CD5E05}"
EndProject
Project("{FAE04EC0-301F-11D3-BF4B-00C04F79EFBC}") = "App01_LayoutXF.Android", "App01_LayoutXF\App01_LayoutXF.Android\App01_LayoutXF.Android.csproj", "{7FDA7E2F-7931-410F-A52A-79D5FE8E0759}"
EndProject
Project("{FAE04EC0-301F-11D3-BF4B-00C04F79EFBC}") = "App01_LayoutXF.iOS", "App01_LayoutXF\App01_LayoutXF.iOS\App01_LayoutXF.iOS.csproj", "{0B21F736-4D3D-45E3-B96D-BF938A2EE826}"
EndProject
Project("{FAE04EC0-301F-11D3-BF4B-00C04F79EFBC}") = "App01_LayoutXF", "App01_LayoutXF\App01_LayoutXF\App01_LayoutXF.csproj", "{574EF0CA-1CF7-471F-A262-69EB7CBAA1FE}"
EndProject
Global
	GlobalSection(SolutionConfigurationPlatforms) = preSolution
		Debug|Any CPU = Debug|Any CPU
		Debug|ARM = Debug|ARM
		Debug|iPhone = Debug|iPhone
		Debug|iPhoneSimulator = Debug|iPhoneSimulator
		Debug|x64 = Debug|x64
		Debug|x86 = Debug|x86
		Release|Any CPU = Release|Any CPU
		Release|ARM = Release|ARM
		Release|iPhone = Release|iPhone
		Release|iPhoneSimulator = Release|iPhoneSimulator
		Release|x64 = Release|x64
		Release|x86 = Release|x86
	EndGlobalSection
	GlobalSection(ProjectConfigurationPlatforms) = postSolution
		{9F541631-F76A-4E21-AB20-FDD110CD5E05}.Debug|Any CPU.ActiveCfg = Debug|x86
		{9F541631-F76A-4E21-AB20-FDD110CD5E05}.Debug|Any CPU.Build.0 = Debug|x86
		{9F541631-F76A-4E21-AB20-FDD110CD5E05}.Debug|Any CPU.Deploy.0 = Debug|x86
		{9F541631-F76A-4E21-AB20-FDD110CD5E05}.Debug|ARM.ActiveCfg = Debug|ARM
		{9F541631-F76A-4E21-AB20-FDD110CD5E05}.Debug|ARM.Build.0 = Debug|ARM
		{9F541631-F76A-4E21-AB20-FDD110CD5E05}.Debug|ARM.Deploy.0 = Debug|ARM
		{9F541631-F76A-4E21-AB20-FDD110CD5E05}.Debug|iPhone.ActiveCfg = Debug|x86
		{9F541631-F76A-4E21-AB20-FDD110CD5E05}.Debug|iPhone.Build.0 = Debug|x86
		{9F541631-F76A-4E21-AB20-FDD110CD5E05}.Debug|iPhone.Deploy.0 = Debug|x86
		{9F541631-F76A-4E21-AB20-FDD110CD5E05}.Debug|iPhoneSimulator.ActiveCfg = Debug|x86
		{9F541631-F76A-4E21-AB20-FDD110CD5E05}.Debug|iPhoneSimulator.Build.0 = Debug|x86
		{9F541631-F76A-4E21-AB20-FDD110CD5E05}.Debug|iPhoneSimulator.Deploy.0 = Debug|x86
		{9F541631-F76A-4E21-AB20-FDD110CD5E05}.Debug|x64.ActiveCfg = Debug|x64
		{9F541631-F76A-4E21-AB20-FDD110CD5E05}.Debug|x64.Build.0 = Debug|x64
		{9F541631-F76A-4E21-AB20-FDD110CD5E05}.Debug|x64.Deploy.0 = Debug|x64
		{9F541631-F76A-4E21-AB20-FDD110CD5E05}.Debug|x86.ActiveCfg = Debug|x86
		{9F541631-F76A-4E21-AB20-FDD110CD5E05}.Debug|x86.Build.0 = Debug|x86
		{9F541631-F76A-4E21-AB20-FDD110CD5E05}.Debug|x86.Deploy.0 = Debug|x86
		{9F541631-F76A-4E21-AB20-FDD110CD5E05}.Release|Any CPU.ActiveCfg = Release|x86
		{9F541631-F76A-4E21-AB20-FDD110CD5E05}.Release|Any CPU.Build.0 = Release|x86
		{9F541631-F76A-4E21-AB20-FDD110CD5E05}.Release|Any CPU.Deploy.0 = Release|x86
		{9F541631-F76A-4E21-AB20-FDD110CD5E05}.Release|ARM.ActiveCfg = Release|ARM
		{9F541631-F76A-4E21-AB20-FDD110CD5E05}.Release|ARM.Build.0 = Release|ARM
		{9F541631-F76A-4E21-AB20-FDD110CD5E05}.Release|ARM.Deploy.0 = Release|ARM
		{9F541631-F76A-4E21-AB20-FDD110CD5E05}.Release|iPhone.ActiveCfg = Release|x86
		{9F541631-F76A-4E21-AB20-FDD110CD5E05}.Release|iPhone.Build.0 = Release|x86
		{9F541631-F76A-4E21-AB20-FDD110CD5E05}.Release|iPhone.Deploy.0 = Release|x86
		{9F541631-F76A-4E21-AB20-FDD110CD5E05}.Release|iPhoneSimulator.ActiveCfg = Release|x86
		{9F541631-F76A-4E21-AB20-FDD110CD5E05}.Release|iPhoneSimulator.Build.0 = Release|x86
		{9F541631-F76A-4E21-AB20-FDD110CD5E05}.Release|iPhoneSimulator.Deploy.0 = Release|x86
		{9F541631-F76A-4E21-AB20-FDD110CD5E05}.Release|x64.ActiveCfg = Release|x64
		{9F541631-F76A-4E21-AB20-FDD110CD5E05}.Release|x64.Build.0 = Release|x64
		{9F541631-F76A-4E21-AB20-FDD110CD5E05}.Release|x64.Deploy.0 = Release|x64
		{9F541631-F76A-4E21-AB20-FDD110CD5E05}.Release|x86.ActiveCfg = Release|x86
		{9F541631-F76A-4E21-AB20-FDD110CD5E05}.Release|x86.Build.0 = Release|x86
		{9F541631-F76A-4E21-AB20-FDD110CD5E05}.Release|x86.Deploy.0 = Release|x86
		{7FDA7E2F-7931-410F-A52A-79D5FE8E0759}.Debug|Any CPU.ActiveCfg = Debug|Any CPU
		{7FDA7E2F-7931-410F-A52A-79D5FE8E0759}.Debug|Any CPU.Build.0 = Debug|Any CPU
		{7FDA7E2F-7931-410F-A52A-79D5FE8E0759}.Debug|Any CPU.Deploy.0 = Debug|Any CPU
		{7FDA7E2F-7931-410F-A52A-79D5FE8E0759}.Debug|ARM.ActiveCfg = Debug|Any CPU
		{7FDA7E2F-7931-410F-A52A-79D5FE8E0759}.Debug|ARM.Build.0 = Debug|Any CPU
		{7FDA7E2F-7931-410F-A52A-79D5FE8E0759}.Debug|ARM.Deploy.0 = Debug|Any CPU
		{7FDA7E2F-7931-410F-A52A-79D5FE8E0759}.Debug|iPhone.ActiveCfg = Debug|Any CPU
		{7FDA7E2F-7931-410F-A52A-79D5FE8E0759}.Debug|iPhone.Build.0 = Debug|Any CPU
		{7FDA7E2F-7931-410F-A52A-79D5FE8E0759}.Debug|iPhone.Deploy.0 = Debug|Any CPU
		{7FDA7E2F-7931-410F-A52A-79D5FE8E0759}.Debug|iPhoneSimulator.ActiveCfg = Debug|Any CPU
		{7FDA7E2F-7931-410F-A52A-79D5FE8E0759}.Debug|iPhoneSimulator.Build.0 = Debug|Any CPU
		{7FDA7E2F-7931-410F-A52A-79D5FE8E0759}.Debug|iPhoneSimulator.Deploy.0 = Debug|Any CPU
		{7FDA7E2F-7931-410F-A52A-79D5FE8E0759}.Debug|x64.ActiveCfg = Debug|Any CPU
		{7FDA7E2F-7931-410F-A52A-79D5FE8E0759}.Debug|x64.Build.0 = Debug|Any CPU
		{7FDA7E2F-7931-410F-A52A-79D5FE8E0759}.Debug|x64.Deploy.0 = Debug|Any CPU
		{7FDA7E2F-7931-410F-A52A-79D5FE8E0759}.Debug|x86.ActiveCfg = Debug|Any CPU
		{7FDA7E2F-7931-410F-A52A-79D5FE8E0759}.Debug|x86.Build.0 = Debug|Any CPU
		{7FDA7E2F-7931-410F-A52A-79D5FE8E0759}.Debug|x86.Deploy.0 = Debug|Any CPU
		{7FDA7E2F-7931-410F-A52A-79D5FE8E0759}.Release|Any CPU.ActiveCfg = Release|Any CPU
		{7FDA7E2F-7931-410F-A52A-79D5FE8E0759}.Release|Any CPU.Build.0 = Release|Any CPU
		{7FDA7E2F-7931-410F-A52A-79D5FE8E0759}.Release|Any CPU.Deploy.0 = Release|Any CPU
		{7FDA7E2F-7931-410F-A52A-79D5FE8E0759}.Release|ARM.ActiveCfg = Release|Any CPU
		{7FDA7E2F-7931-410F-A52A-79D5FE8E0759}.Release|ARM.Build.0 = Release|Any CPU
		{7FDA7E2F-7931-410F-A52A-79D5FE8E0759}.Release|ARM.Deploy.0 = Release|Any CPU
		{7FDA7E2F-7931-410F-A52A-79D5FE8E0759}.Release|iPhone.ActiveCfg = Release|Any CPU
		{7FDA7E2F-7931-410F-A52A-79D5FE8E0759}.Release|iPhone.Build.0 = Release|Any CPU
		{7FDA7E2F-7931-410F-A52A-79D5FE8E0759}.Release|iPhone.Deploy.0 = Release|Any CPU
		{7FDA7E2F-7931-410F-A52A-79D5FE8E0759}.Release|iPhoneSimulator.ActiveCfg = Release|Any CPU
		{7FDA7E2F-7931-410F-A52A-79D5FE8E0759}.Release|iPhoneSimulator.Build.0 = Release|Any CPU
		{7FDA7E2F-7931-410F-A52A-79D5FE8E0759}.Release|iPhoneSimulator.Deploy.0 = Release|Any CPU
		{7FDA7E2F-7931-410F-A52A-79D5FE8E0759}.Release|x64.ActiveCfg = Release|Any CPU
		{7FDA7E2F-7931-410F-A52A-79D5FE8E0759}.Release|x64.Build.0 = Release|Any CPU
		{7FDA7E2F-7931-410F-A52A-79D5FE8E0759}.Release|x64.Deploy.0 = Release|Any CPU
		{7FDA7E2F-7931-410F-A52A-79D5FE8E0759}.Release|x86.ActiveCfg = Release|Any CPU
		{7FDA7E2F-7931-410F-A52A-79D5FE8E0759}.Release|x86.Build.0 = Release|Any CPU
		{7FDA7E2F-7931-410F-A52A-79D5FE8E0759}.Release|x86.Deploy.0 = Release|Any CPU
		{0B21F736-4D3D-45E3-B96D-BF938A2EE826}.Debug|Any CPU.ActiveCfg = Debug|iPhone
		{0B21F736-4D3D-45E3-B96D-BF938A2EE826}.Debug|Any CPU.Build.0 = Debug|iPhone
		{0B21F736-4D3D-45E3-B96D-BF938A2EE826}.Debug|Any CPU.Deploy.0 = Debug|iPhone
		{0B21F736-4D3D-45E3-B96D-BF938A2EE826}.Debug|ARM.ActiveCfg = Debug|iPhoneSimulator
		{0B21F736-4D3D-45E3-B96D-BF938A2EE826}.Debug|ARM.Build.0 = Debug|iPhoneSimulator
		{0B21F736-4D3D-45E3-B96D-BF938A2EE826}.Debug|ARM.Deploy.0 = Debug|iPhoneSimulator
		{0B21F736-4D3D-45E3-B96D-BF938A2EE826}.Debug|iPhone.ActiveCfg = Debug|iPhone
		{0B21F736-4D3D-45E3-B96D-BF938A2EE826}.Debug|iPhone.Build.0 = Debug|iPhone
		{0B21F736-4D3D-45E3-B96D-BF938A2EE826}.Debug|iPhone.Deploy.0 = Debug|iPhone
		{0B21F736-4D3D-45E3-B96D-BF938A2EE826}.Debug|iPhoneSimulator.ActiveCfg = Debug|iPhoneSimulator
		{0B21F736-4D3D-45E3-B96D-BF938A2EE826}.Debug|iPhoneSimulator.Build.0 = Debug|iPhoneSimulator
		{0B21F736-4D3D-45E3-B96D-BF938A2EE826}.Debug|iPhoneSimulator.Deploy.0 = Debug|iPhoneSimulator
		{0B21F736-4D3D-45E3-B96D-BF938A2EE826}.Debug|x64.ActiveCfg = Debug|iPhone
		{0B21F736-4D3D-45E3-B96D-BF938A2EE826}.Debug|x64.Build.0 = Debug|iPhone
		{0B21F736-4D3D-45E3-B96D-BF938A2EE826}.Debug|x64.Deploy.0 = Debug|iPhone
		{0B21F736-4D3D-45E3-B96D-BF938A2EE826}.Debug|x86.ActiveCfg = Debug|iPhone
		{0B21F736-4D3D-45E3-B96D-BF938A2EE826}.Debug|x86.Build.0 = Debug|iPhone
		{0B21F736-4D3D-45E3-B96D-BF938A2EE826}.Debug|x86.Deploy.0 = Debug|iPhone
		{0B21F736-4D3D-45E3-B96D-BF938A2EE826}.Release|Any CPU.ActiveCfg = Release|iPhone
		{0B21F736-4D3D-45E3-B96D-BF938A2EE826}.Release|Any CPU.Build.0 = Release|iPhone
		{0B21F736-4D3D-45E3-B96D-BF938A2EE826}.Release|Any CPU.Deploy.0 = Release|iPhone
		{0B21F736-4D3D-45E3-B96D-BF938A2EE826}.Release|ARM.ActiveCfg = Release|iPhone
		{0B21F736-4D3D-45E3-B96D-BF938A2EE826}.Release|ARM.Build.0 = Release|iPhone
		{0B21F736-4D3D-45E3-B96D-BF938A2EE826}.Release|ARM.Deploy.0 = Release|iPhone
		{0B21F736-4D3D-45E3-B96D-BF938A2EE826}.Release|iPhone.ActiveCfg = Release|iPhone
		{0B21F736-4D3D-45E3-B96D-BF938A2EE826}.Release|iPhone.Build.0 = Release|iPhone
		{0B21F736-4D3D-45E3-B96D-BF938A2EE826}.Release|iPhone.Deploy.0 = Release|iPhone
		{0B21F736-4D3D-45E3-B96D-BF938A2EE826}.Release|iPhoneSimulator.ActiveCfg = Release|iPhoneSimulator
		{0B21F736-4D3D-45E3-B96D-BF938A2EE826}.Release|iPhoneSimulator.Build.0 = Release|iPhoneSimulator
		{0B21F736-4D3D-45E3-B96D-BF938A2EE826}.Release|iPhoneSimulator.Deploy.0 = Release|iPhoneSimulator
		{0B21F736-4D3D-45E3-B96D-BF938A2EE826}.Release|x64.ActiveCfg = Release|iPhone
		{0B21F736-4D3D-45E3-B96D-BF938A2EE826}.Release|x64.Build.0 = Release|iPhone
		{0B21F736-4D3D-45E3-B96D-BF938A2EE826}.Release|x64.Deploy.0 = Release|iPhone
		{0B21F736-4D3D-45E3-B96D-BF938A2EE826}.Release|x86.ActiveCfg = Release|iPhone
		{0B21F736-4D3D-45E3-B96D-BF938A2EE826}.Release|x86.Build.0 = Release|iPhone
		{0B21F736-4D3D-45E3-B96D-BF938A2EE826}.Release|x86.Deploy.0 = Release|iPhone
		{574EF0CA-1CF7-471F-A262-69EB7CBAA1FE}.Debug|Any CPU.ActiveCfg = Debug|Any CPU
		{574EF0CA-1CF7-471F-A262-69EB7CBAA1FE}.Debug|Any CPU.Build.0 = Debug|Any CPU
		{574EF0CA-1CF7-471F-A262-69EB7CBAA1FE}.Debug|Any CPU.Deploy.0 = Debug|Any CPU
		{574EF0CA-1CF7-471F-A262-69EB7CBAA1FE}.Debug|ARM.ActiveCfg = Debug|Any CPU
		{574EF0CA-1CF7-471F-A262-69EB7CBAA1FE}.Debug|ARM.Build.0 = Debug|Any CPU
		{574EF0CA-1CF7-471F-A262-69EB7CBAA1FE}.Debug|ARM.Deploy.0 = Debug|Any CPU
		{574EF0CA-1CF7-471F-A262-69EB7CBAA1FE}.Debug|iPhone.ActiveCfg = Debug|Any CPU
		{574EF0CA-1CF7-471F-A262-69EB7CBAA1FE}.Debug|iPhone.Build.0 = Debug|Any CPU
		{574EF0CA-1CF7-471F-A262-69EB7CBAA1FE}.Debug|iPhone.Deploy.0 = Debug|Any CPU
		{574EF0CA-1CF7-471F-A262-69EB7CBAA1FE}.Debug|iPhoneSimulator.ActiveCfg = Debug|Any CPU
		{574EF0CA-1CF7-471F-A262-69EB7CBAA1FE}.Debug|iPhoneSimulator.Build.0 = Debug|Any CPU
		{574EF0CA-1CF7-471F-A262-69EB7CBAA1FE}.Debug|iPhoneSimulator.Deploy.0 = Debug|Any CPU
		{574EF0CA-1CF7-471F-A262-69EB7CBAA1FE}.Debug|x64.ActiveCfg = Debug|Any CPU
		{574EF0CA-1CF7-471F-A262-69EB7CBAA1FE}.Debug|x64.Build.0 = Debug|Any CPU
		{574EF0CA-1CF7-471F-A262-69EB7CBAA1FE}.Debug|x64.Deploy.0 = Debug|Any CPU
		{574EF0CA-1CF7-471F-A262-69EB7CBAA1FE}.Debug|x86.ActiveCfg = Debug|Any CPU
		{574EF0CA-1CF7-471F-A262-69EB7CBAA1FE}.Debug|x86.Build.0 = Debug|Any CPU
		{574EF0CA-1CF7-471F-A262-69EB7CBAA1FE}.Debug|x86.Deploy.0 = Debug|Any CPU
		{574EF0CA-1CF7-471F-A262-69EB7CBAA1FE}.Release|Any CPU.ActiveCfg = Release|Any CPU
		{574EF0CA-1CF7-471F-A262-69EB7CBAA1FE}.Release|Any CPU.Build.0 = Release|Any CPU
		{574EF0CA-1CF7-471F-A262-69EB7CBAA1FE}.Release|Any CPU.Deploy.0 = Release|Any CPU
		{574EF0CA-1CF7-471F-A262-69EB7CBAA1FE}.Release|ARM.ActiveCfg = Release|Any CPU
		{574EF0CA-1CF7-471F-A262-69EB7CBAA1FE}.Release|ARM.Build.0 = Release|Any CPU
		{574EF0CA-1CF7-471F-A262-69EB7CBAA1FE}.Release|ARM.Deploy.0 = Release|Any CPU
		{574EF0CA-1CF7-471F-A262-69EB7CBAA1FE}.Release|iPhone.ActiveCfg = Release|Any CPU
		{574EF0CA-1CF7-471F-A262-69EB7CBAA1FE}.Release|iPhone.Build.0 = Release|Any CPU
		{574EF0CA-1CF7-471F-A262-69EB7CBAA1FE}.Release|iPhone.Deploy.0 = Release|Any CPU
		{574EF0CA-1CF7-471F-A262-69EB7CBAA1FE}.Release|iPhoneSimulator.ActiveCfg = Release|Any CPU
		{574EF0CA-1CF7-471F-A262-69EB7CBAA1FE}.Release|iPhoneSimulator.Build.0 = Release|Any CPU
		{574EF0CA-1CF7-471F-A262-69EB7CBAA1FE}.Release|iPhoneSimulator.Deploy.0 = Release|Any CPU
		{574EF0CA-1CF7-471F-A262-69EB7CBAA1FE}.Release|x64.ActiveCfg = Release|Any CPU
		{574EF0CA-1CF7-471F-A262-69EB7CBAA1FE}.Release|x64.Build.0 = Release|Any CPU
		{574EF0CA-1CF7-471F-A262-69EB7CBAA1FE}.Release|x64.Deploy.0 = Release|Any CPU
		{574EF0CA-1CF7-471F-A262-69EB7CBAA1FE}.Release|x86.ActiveCfg = Release|Any CPU
		{574EF0CA-1CF7-471F-A262-69EB7CBAA1FE}.Release|x86.Build.0 = Release|Any CPU
		{574EF0CA-1CF7-471F-A262-69EB7CBAA1FE}.Release|x86.Deploy.0 = Release|Any CPU
	EndGlobalSection
	GlobalSection(SolutionProperties) = preSolution
		HideSolutionNode = FALSE
	EndGlobalSection
	GlobalSection(ExtensibilityGlobals) = postSolution
		SolutionGuid = {99CFAA88-48DE-4BB2-A3A6-DC83A8683760}
	EndGlobalSection
EndGlobal
